// !$*UTF8*$!
{
	archiveVersion = 1;
	classes = {
	};
	objectVersion = 50;
	objects = {

/* Begin PBXBuildFile section */
		E309EC7820EE49B200D3D16F /* Log.swift in Sources */ = {isa = PBXBuildFile; fileRef = E309EC7720EE49B200D3D16F /* Log.swift */; };
		E3197F1020E78B8C00746439 /* URLSession+Result.swift in Sources */ = {isa = PBXBuildFile; fileRef = E3197F0F20E78B8C00746439 /* URLSession+Result.swift */; };
		E3197F2420E8009500746439 /* Source.json in Resources */ = {isa = PBXBuildFile; fileRef = E3197F1520E8007500746439 /* Source.json */; };
		E3197F2820E8036200746439 /* JSONTests.swift in Sources */ = {isa = PBXBuildFile; fileRef = E3197F2720E8036200746439 /* JSONTests.swift */; };
		E3197F2E20E90A6C00746439 /* MainViewController.swift in Sources */ = {isa = PBXBuildFile; fileRef = E3197F2D20E90A6C00746439 /* MainViewController.swift */; };
		E32B71DC20F11E6300158B7F /* Tagged.swift in Sources */ = {isa = PBXBuildFile; fileRef = E32B71DB20F11E6300158B7F /* Tagged.swift */; };
		E32B71E020F4A2E600158B7F /* TableViewHandler.swift in Sources */ = {isa = PBXBuildFile; fileRef = E32B71DF20F4A2E600158B7F /* TableViewHandler.swift */; };
		E34E83002079CD5200BA09DF /* AppDelegate.swift in Sources */ = {isa = PBXBuildFile; fileRef = E34E82FF2079CD5200BA09DF /* AppDelegate.swift */; };
		E34E83042079CD5400BA09DF /* Assets.xcassets in Resources */ = {isa = PBXBuildFile; fileRef = E34E83032079CD5400BA09DF /* Assets.xcassets */; };
		E34E83072079CD5400BA09DF /* Main.storyboard in Resources */ = {isa = PBXBuildFile; fileRef = E34E83052079CD5400BA09DF /* Main.storyboard */; };
		E34E83122079D41500BA09DF /* CacheItem.swift in Sources */ = {isa = PBXBuildFile; fileRef = E34E83112079D41500BA09DF /* CacheItem.swift */; };
		E352B6B420E90E02004C276B /* CacheTableCellView.swift in Sources */ = {isa = PBXBuildFile; fileRef = E352B6B320E90E02004C276B /* CacheTableCellView.swift */; };
		E389A46320EA651B0044B20A /* CacheList.swift in Sources */ = {isa = PBXBuildFile; fileRef = E389A46220EA651B0044B20A /* CacheList.swift */; };
		E389A46520EA98470044B20A /* CacheFetcher.swift in Sources */ = {isa = PBXBuildFile; fileRef = E389A46420EA98470044B20A /* CacheFetcher.swift */; };
		E389A46720EAA0A20044B20A /* NSWindowController+intialize.swift in Sources */ = {isa = PBXBuildFile; fileRef = E389A46620EAA0A20044B20A /* NSWindowController+intialize.swift */; };
		E38C8D4C20F8B9BD00239225 /* StoryboardLoadable.swift in Sources */ = {isa = PBXBuildFile; fileRef = E38C8D4B20F8B9BD00239225 /* StoryboardLoadable.swift */; };
		E38C8D4E20F8E83000239225 /* Location.swift in Sources */ = {isa = PBXBuildFile; fileRef = E38C8D4D20F8E83000239225 /* Location.swift */; };
		E399416D20F7BD49004BD4A4 /* URL.swift in Sources */ = {isa = PBXBuildFile; fileRef = E399416C20F7BD48004BD4A4 /* URL.swift */; };
		E399416F20F7C105004BD4A4 /* VersionHandler.swift in Sources */ = {isa = PBXBuildFile; fileRef = E399416E20F7C105004BD4A4 /* VersionHandler.swift */; };
		E399417120F7C336004BD4A4 /* Constants.swift in Sources */ = {isa = PBXBuildFile; fileRef = E399417020F7C336004BD4A4 /* Constants.swift */; };
		E3B073B720F75E94009DA160 /* AutoStartSpinner.swift in Sources */ = {isa = PBXBuildFile; fileRef = E3B073B620F75E94009DA160 /* AutoStartSpinner.swift */; };
		E3F7285820E0FF6F007B0CB0 /* FileManager+Size.swift in Sources */ = {isa = PBXBuildFile; fileRef = E3F7285720E0FF6F007B0CB0 /* FileManager+Size.swift */; };
		E3F728D920E3B1C1007B0CB0 /* Other.swift in Sources */ = {isa = PBXBuildFile; fileRef = E3F728D820E3B1C1007B0CB0 /* Other.swift */; };
/* End PBXBuildFile section */

/* Begin PBXContainerItemProxy section */
		E3197F1F20E8008900746439 /* PBXContainerItemProxy */ = {
			isa = PBXContainerItemProxy;
			containerPortal = E34E82F42079CD5200BA09DF /* Project object */;
			proxyType = 1;
			remoteGlobalIDString = E34E82FB2079CD5200BA09DF;
			remoteInfo = MacCacheCleaner;
		};
/* End PBXContainerItemProxy section */

/* Begin PBXFileReference section */
		E309EC7720EE49B200D3D16F /* Log.swift */ = {isa = PBXFileReference; lastKnownFileType = sourcecode.swift; path = Log.swift; sourceTree = "<group>"; };
		E3197F0F20E78B8C00746439 /* URLSession+Result.swift */ = {isa = PBXFileReference; lastKnownFileType = sourcecode.swift; path = "URLSession+Result.swift"; sourceTree = "<group>"; };
		E3197F1520E8007500746439 /* Source.json */ = {isa = PBXFileReference; lastKnownFileType = text.json; path = Source.json; sourceTree = SOURCE_ROOT; };
		E3197F1A20E8008900746439 /* Mac Cache CleanerTests.xctest */ = {isa = PBXFileReference; explicitFileType = wrapper.cfbundle; includeInIndex = 0; path = "Mac Cache CleanerTests.xctest"; sourceTree = BUILT_PRODUCTS_DIR; };
		E3197F1E20E8008900746439 /* Info.plist */ = {isa = PBXFileReference; lastKnownFileType = text.plist.xml; path = Info.plist; sourceTree = "<group>"; };
		E3197F2720E8036200746439 /* JSONTests.swift */ = {isa = PBXFileReference; lastKnownFileType = sourcecode.swift; path = JSONTests.swift; sourceTree = "<group>"; };
		E3197F2D20E90A6C00746439 /* MainViewController.swift */ = {isa = PBXFileReference; lastKnownFileType = sourcecode.swift; path = MainViewController.swift; sourceTree = "<group>"; };
		E32B71DB20F11E6300158B7F /* Tagged.swift */ = {isa = PBXFileReference; lastKnownFileType = sourcecode.swift; path = Tagged.swift; sourceTree = "<group>"; };
		E32B71DF20F4A2E600158B7F /* TableViewHandler.swift */ = {isa = PBXFileReference; lastKnownFileType = sourcecode.swift; path = TableViewHandler.swift; sourceTree = "<group>"; };
		E34E82FC2079CD5200BA09DF /* Mac Cache Cleaner.app */ = {isa = PBXFileReference; explicitFileType = wrapper.application; includeInIndex = 0; path = "Mac Cache Cleaner.app"; sourceTree = BUILT_PRODUCTS_DIR; };
		E34E82FF2079CD5200BA09DF /* AppDelegate.swift */ = {isa = PBXFileReference; lastKnownFileType = sourcecode.swift; path = AppDelegate.swift; sourceTree = "<group>"; };
		E34E83032079CD5400BA09DF /* Assets.xcassets */ = {isa = PBXFileReference; lastKnownFileType = folder.assetcatalog; path = Assets.xcassets; sourceTree = "<group>"; };
		E34E83062079CD5400BA09DF /* Base */ = {isa = PBXFileReference; lastKnownFileType = file.storyboard; name = Base; path = Base.lproj/Main.storyboard; sourceTree = "<group>"; };
		E34E83082079CD5400BA09DF /* Info.plist */ = {isa = PBXFileReference; lastKnownFileType = text.plist.xml; path = Info.plist; sourceTree = "<group>"; };
		E34E83092079CD5400BA09DF /* MacCacheCleaner.entitlements */ = {isa = PBXFileReference; lastKnownFileType = text.plist.entitlements; path = MacCacheCleaner.entitlements; sourceTree = "<group>"; };
		E34E83112079D41500BA09DF /* CacheItem.swift */ = {isa = PBXFileReference; lastKnownFileType = sourcecode.swift; path = CacheItem.swift; sourceTree = "<group>"; };
		E352B6B320E90E02004C276B /* CacheTableCellView.swift */ = {isa = PBXFileReference; lastKnownFileType = sourcecode.swift; path = CacheTableCellView.swift; sourceTree = "<group>"; };
		E389A46220EA651B0044B20A /* CacheList.swift */ = {isa = PBXFileReference; lastKnownFileType = sourcecode.swift; path = CacheList.swift; sourceTree = "<group>"; };
		E389A46420EA98470044B20A /* CacheFetcher.swift */ = {isa = PBXFileReference; lastKnownFileType = sourcecode.swift; path = CacheFetcher.swift; sourceTree = "<group>"; };
		E389A46620EAA0A20044B20A /* NSWindowController+intialize.swift */ = {isa = PBXFileReference; lastKnownFileType = sourcecode.swift; path = "NSWindowController+intialize.swift"; sourceTree = "<group>"; };
		E38C8D4B20F8B9BD00239225 /* StoryboardLoadable.swift */ = {isa = PBXFileReference; lastKnownFileType = sourcecode.swift; path = StoryboardLoadable.swift; sourceTree = "<group>"; };
		E38C8D4D20F8E83000239225 /* Location.swift */ = {isa = PBXFileReference; lastKnownFileType = sourcecode.swift; path = Location.swift; sourceTree = "<group>"; };
		E399416C20F7BD48004BD4A4 /* URL.swift */ = {isa = PBXFileReference; lastKnownFileType = sourcecode.swift; path = URL.swift; sourceTree = "<group>"; };
		E399416E20F7C105004BD4A4 /* VersionHandler.swift */ = {isa = PBXFileReference; lastKnownFileType = sourcecode.swift; path = VersionHandler.swift; sourceTree = "<group>"; };
		E399417020F7C336004BD4A4 /* Constants.swift */ = {isa = PBXFileReference; lastKnownFileType = sourcecode.swift; path = Constants.swift; sourceTree = "<group>"; };
		E3B073B620F75E94009DA160 /* AutoStartSpinner.swift */ = {isa = PBXFileReference; lastKnownFileType = sourcecode.swift; path = AutoStartSpinner.swift; sourceTree = "<group>"; };
		E3F7285720E0FF6F007B0CB0 /* FileManager+Size.swift */ = {isa = PBXFileReference; lastKnownFileType = sourcecode.swift; path = "FileManager+Size.swift"; sourceTree = "<group>"; };
		E3F728D820E3B1C1007B0CB0 /* Other.swift */ = {isa = PBXFileReference; lastKnownFileType = sourcecode.swift; path = Other.swift; sourceTree = "<group>"; };
/* End PBXFileReference section */

/* Begin PBXFrameworksBuildPhase section */
		E3197F1720E8008900746439 /* Frameworks */ = {
			isa = PBXFrameworksBuildPhase;
			buildActionMask = 2147483647;
			files = (
			);
			runOnlyForDeploymentPostprocessing = 0;
		};
		E34E82F92079CD5200BA09DF /* Frameworks */ = {
			isa = PBXFrameworksBuildPhase;
			buildActionMask = 2147483647;
			files = (
			);
			runOnlyForDeploymentPostprocessing = 0;
		};
/* End PBXFrameworksBuildPhase section */

/* Begin PBXGroup section */
		E3197F1B20E8008900746439 /* MacCacheCleanerTests */ = {
			isa = PBXGroup;
			children = (
				E3197F2720E8036200746439 /* JSONTests.swift */,
				E3197F1E20E8008900746439 /* Info.plist */,
			);
			path = MacCacheCleanerTests;
			sourceTree = "<group>";
		};
		E32B71C520F083AD00158B7F /* View */ = {
			isa = PBXGroup;
			children = (
				E34E83052079CD5400BA09DF /* Main.storyboard */,
				E352B6B320E90E02004C276B /* CacheTableCellView.swift */,
			);
			path = View;
			sourceTree = "<group>";
		};
		E34E82F32079CD5200BA09DF = {
			isa = PBXGroup;
			children = (
				E34E82FE2079CD5200BA09DF /* MacCacheCleaner */,
				E3197F1B20E8008900746439 /* MacCacheCleanerTests */,
				E34E82FD2079CD5200BA09DF /* Products */,
			);
			sourceTree = "<group>";
		};
		E34E82FD2079CD5200BA09DF /* Products */ = {
			isa = PBXGroup;
			children = (
				E34E82FC2079CD5200BA09DF /* Mac Cache Cleaner.app */,
				E3197F1A20E8008900746439 /* Mac Cache CleanerTests.xctest */,
			);
			name = Products;
			sourceTree = "<group>";
		};
		E34E82FE2079CD5200BA09DF /* MacCacheCleaner */ = {
			isa = PBXGroup;
			children = (
				E34E82FF2079CD5200BA09DF /* AppDelegate.swift */,
				E3197F2D20E90A6C00746439 /* MainViewController.swift */,
				E32B71DF20F4A2E600158B7F /* TableViewHandler.swift */,
				E399416E20F7C105004BD4A4 /* VersionHandler.swift */,
				E399417020F7C336004BD4A4 /* Constants.swift */,
				E32B71C520F083AD00158B7F /* View */,
				E3F728D620E3B02C007B0CB0 /* Models */,
				E3B073B520F75E3D009DA160 /* Others */,
				E3F7285D20E10720007B0CB0 /* Extensions */,
				E34E83032079CD5400BA09DF /* Assets.xcassets */,
				E3197F1520E8007500746439 /* Source.json */,
				E34E83082079CD5400BA09DF /* Info.plist */,
				E34E83092079CD5400BA09DF /* MacCacheCleaner.entitlements */,
			);
			path = MacCacheCleaner;
			sourceTree = "<group>";
		};
		E3B073B520F75E3D009DA160 /* Others */ = {
			isa = PBXGroup;
			children = (
				E309EC7720EE49B200D3D16F /* Log.swift */,
				E3F728D820E3B1C1007B0CB0 /* Other.swift */,
				E32B71DB20F11E6300158B7F /* Tagged.swift */,
				E3B073B620F75E94009DA160 /* AutoStartSpinner.swift */,
				E38C8D4B20F8B9BD00239225 /* StoryboardLoadable.swift */,
			);
			path = Others;
			sourceTree = "<group>";
		};
		E3F7285D20E10720007B0CB0 /* Extensions */ = {
			isa = PBXGroup;
			children = (
				E3F7285720E0FF6F007B0CB0 /* FileManager+Size.swift */,
				E389A46620EAA0A20044B20A /* NSWindowController+intialize.swift */,
				E3197F0F20E78B8C00746439 /* URLSession+Result.swift */,
				E399416C20F7BD48004BD4A4 /* URL.swift */,
			);
			path = Extensions;
			sourceTree = "<group>";
		};
		E3F728D620E3B02C007B0CB0 /* Models */ = {
			isa = PBXGroup;
			children = (
				E38C8D4D20F8E83000239225 /* Location.swift */,
				E34E83112079D41500BA09DF /* CacheItem.swift */,
				E389A46220EA651B0044B20A /* CacheList.swift */,
				E389A46420EA98470044B20A /* CacheFetcher.swift */,
			);
			path = Models;
			sourceTree = "<group>";
		};
/* End PBXGroup section */

/* Begin PBXNativeTarget section */
		E3197F1920E8008900746439 /* Mac Cache CleanerTests */ = {
			isa = PBXNativeTarget;
			buildConfigurationList = E3197F2120E8008900746439 /* Build configuration list for PBXNativeTarget "Mac Cache CleanerTests" */;
			buildPhases = (
				E3197F1620E8008900746439 /* Sources */,
				E3197F1720E8008900746439 /* Frameworks */,
				E3197F1820E8008900746439 /* Resources */,
			);
			buildRules = (
			);
			dependencies = (
				E3197F2020E8008900746439 /* PBXTargetDependency */,
			);
			name = "Mac Cache CleanerTests";
			productName = MacCacheCleanerTests;
			productReference = E3197F1A20E8008900746439 /* Mac Cache CleanerTests.xctest */;
			productType = "com.apple.product-type.bundle.unit-test";
		};
		E34E82FB2079CD5200BA09DF /* Mac Cache Cleaner */ = {
			isa = PBXNativeTarget;
			buildConfigurationList = E34E830C2079CD5400BA09DF /* Build configuration list for PBXNativeTarget "Mac Cache Cleaner" */;
			buildPhases = (
				E34E82F82079CD5200BA09DF /* Sources */,
				E34E82F92079CD5200BA09DF /* Frameworks */,
				E34E82FA2079CD5200BA09DF /* Resources */,
			);
			buildRules = (
			);
			dependencies = (
			);
			name = "Mac Cache Cleaner";
			productName = MacCacheCleaner;
			productReference = E34E82FC2079CD5200BA09DF /* Mac Cache Cleaner.app */;
			productType = "com.apple.product-type.application";
		};
/* End PBXNativeTarget section */

/* Begin PBXProject section */
		E34E82F42079CD5200BA09DF /* Project object */ = {
			isa = PBXProject;
			attributes = {
				LastSwiftUpdateCheck = 0940;
				LastUpgradeCheck = 0930;
				ORGANIZATIONNAME = "Kaunteya Suryawanshi";
				TargetAttributes = {
					E3197F1920E8008900746439 = {
						CreatedOnToolsVersion = 9.4.1;
						TestTargetID = E34E82FB2079CD5200BA09DF;
					};
					E34E82FB2079CD5200BA09DF = {
						CreatedOnToolsVersion = 9.3;
						SystemCapabilities = {
							com.apple.Sandbox = {
								enabled = 0;
							};
						};
					};
				};
			};
			buildConfigurationList = E34E82F72079CD5200BA09DF /* Build configuration list for PBXProject "Mac Cache Cleaner" */;
			compatibilityVersion = "Xcode 9.3";
			developmentRegion = en;
			hasScannedForEncodings = 0;
			knownRegions = (
				en,
				Base,
			);
			mainGroup = E34E82F32079CD5200BA09DF;
			productRefGroup = E34E82FD2079CD5200BA09DF /* Products */;
			projectDirPath = "";
			projectRoot = "";
			targets = (
				E34E82FB2079CD5200BA09DF /* Mac Cache Cleaner */,
				E3197F1920E8008900746439 /* Mac Cache CleanerTests */,
			);
		};
/* End PBXProject section */

/* Begin PBXResourcesBuildPhase section */
		E3197F1820E8008900746439 /* Resources */ = {
			isa = PBXResourcesBuildPhase;
			buildActionMask = 2147483647;
			files = (
				E3197F2420E8009500746439 /* Source.json in Resources */,
			);
			runOnlyForDeploymentPostprocessing = 0;
		};
		E34E82FA2079CD5200BA09DF /* Resources */ = {
			isa = PBXResourcesBuildPhase;
			buildActionMask = 2147483647;
			files = (
				E34E83042079CD5400BA09DF /* Assets.xcassets in Resources */,
				E34E83072079CD5400BA09DF /* Main.storyboard in Resources */,
			);
			runOnlyForDeploymentPostprocessing = 0;
		};
/* End PBXResourcesBuildPhase section */

/* Begin PBXSourcesBuildPhase section */
		E3197F1620E8008900746439 /* Sources */ = {
			isa = PBXSourcesBuildPhase;
			buildActionMask = 2147483647;
			files = (
				E3197F2820E8036200746439 /* JSONTests.swift in Sources */,
			);
			runOnlyForDeploymentPostprocessing = 0;
		};
		E34E82F82079CD5200BA09DF /* Sources */ = {
			isa = PBXSourcesBuildPhase;
			buildActionMask = 2147483647;
			files = (
				E34E83122079D41500BA09DF /* CacheItem.swift in Sources */,
				E399417120F7C336004BD4A4 /* Constants.swift in Sources */,
				E309EC7820EE49B200D3D16F /* Log.swift in Sources */,
				E389A46720EAA0A20044B20A /* NSWindowController+intialize.swift in Sources */,
				E3F7285820E0FF6F007B0CB0 /* FileManager+Size.swift in Sources */,
				E32B71E020F4A2E600158B7F /* TableViewHandler.swift in Sources */,
				E38C8D4C20F8B9BD00239225 /* StoryboardLoadable.swift in Sources */,
				E3B073B720F75E94009DA160 /* AutoStartSpinner.swift in Sources */,
				E32B71DC20F11E6300158B7F /* Tagged.swift in Sources */,
				E399416F20F7C105004BD4A4 /* VersionHandler.swift in Sources */,
				E3197F2E20E90A6C00746439 /* MainViewController.swift in Sources */,
				E34E83002079CD5200BA09DF /* AppDelegate.swift in Sources */,
				E399416D20F7BD49004BD4A4 /* URL.swift in Sources */,
				E352B6B420E90E02004C276B /* CacheTableCellView.swift in Sources */,
				E38C8D4E20F8E83000239225 /* Location.swift in Sources */,
				E389A46320EA651B0044B20A /* CacheList.swift in Sources */,
				E3197F1020E78B8C00746439 /* URLSession+Result.swift in Sources */,
				E389A46520EA98470044B20A /* CacheFetcher.swift in Sources */,
				E3F728D920E3B1C1007B0CB0 /* Other.swift in Sources */,
			);
			runOnlyForDeploymentPostprocessing = 0;
		};
/* End PBXSourcesBuildPhase section */

/* Begin PBXTargetDependency section */
		E3197F2020E8008900746439 /* PBXTargetDependency */ = {
			isa = PBXTargetDependency;
			target = E34E82FB2079CD5200BA09DF /* Mac Cache Cleaner */;
			targetProxy = E3197F1F20E8008900746439 /* PBXContainerItemProxy */;
		};
/* End PBXTargetDependency section */

/* Begin PBXVariantGroup section */
		E34E83052079CD5400BA09DF /* Main.storyboard */ = {
			isa = PBXVariantGroup;
			children = (
				E34E83062079CD5400BA09DF /* Base */,
			);
			name = Main.storyboard;
			sourceTree = "<group>";
		};
/* End PBXVariantGroup section */

/* Begin XCBuildConfiguration section */
		E3197F2220E8008900746439 /* Debug */ = {
			isa = XCBuildConfiguration;
			buildSettings = {
				BUNDLE_LOADER = "$(TEST_HOST)";
				CODE_SIGN_STYLE = Automatic;
				COMBINE_HIDPI_IMAGES = YES;
				DEVELOPMENT_TEAM = KQQ77ZBE5E;
				INFOPLIST_FILE = MacCacheCleanerTests/Info.plist;
				LD_RUNPATH_SEARCH_PATHS = (
					"$(inherited)",
					"@executable_path/../Frameworks",
					"@loader_path/../Frameworks",
				);
				PRODUCT_BUNDLE_IDENTIFIER = com.kaunteya.MacCacheCleanerTests;
				PRODUCT_NAME = "$(TARGET_NAME)";
				SWIFT_VERSION = 4.0;
				TEST_HOST = "$(BUILT_PRODUCTS_DIR)/Mac Cache Cleaner.app/Contents/MacOS/Mac Cache Cleaner";
			};
			name = Debug;
		};
		E3197F2320E8008900746439 /* Release */ = {
			isa = XCBuildConfiguration;
			buildSettings = {
				BUNDLE_LOADER = "$(TEST_HOST)";
				CODE_SIGN_STYLE = Automatic;
				COMBINE_HIDPI_IMAGES = YES;
				DEVELOPMENT_TEAM = KQQ77ZBE5E;
				INFOPLIST_FILE = MacCacheCleanerTests/Info.plist;
				LD_RUNPATH_SEARCH_PATHS = (
					"$(inherited)",
					"@executable_path/../Frameworks",
					"@loader_path/../Frameworks",
				);
				PRODUCT_BUNDLE_IDENTIFIER = com.kaunteya.MacCacheCleanerTests;
				PRODUCT_NAME = "$(TARGET_NAME)";
				SWIFT_VERSION = 4.0;
				TEST_HOST = "$(BUILT_PRODUCTS_DIR)/Mac Cache Cleaner.app/Contents/MacOS/Mac Cache Cleaner";
			};
			name = Release;
		};
		E34E830A2079CD5400BA09DF /* Debug */ = {
			isa = XCBuildConfiguration;
			buildSettings = {
				ALWAYS_SEARCH_USER_PATHS = NO;
				CLANG_ANALYZER_NONNULL = YES;
				CLANG_ANALYZER_NUMBER_OBJECT_CONVERSION = YES_AGGRESSIVE;
				CLANG_CXX_LANGUAGE_STANDARD = "gnu++14";
				CLANG_CXX_LIBRARY = "libc++";
				CLANG_ENABLE_MODULES = YES;
				CLANG_ENABLE_OBJC_ARC = YES;
				CLANG_ENABLE_OBJC_WEAK = YES;
				CLANG_WARN_BLOCK_CAPTURE_AUTORELEASING = YES;
				CLANG_WARN_BOOL_CONVERSION = YES;
				CLANG_WARN_COMMA = YES;
				CLANG_WARN_CONSTANT_CONVERSION = YES;
				CLANG_WARN_DEPRECATED_OBJC_IMPLEMENTATIONS = YES;
				CLANG_WARN_DIRECT_OBJC_ISA_USAGE = YES_ERROR;
				CLANG_WARN_DOCUMENTATION_COMMENTS = YES;
				CLANG_WARN_EMPTY_BODY = YES;
				CLANG_WARN_ENUM_CONVERSION = YES;
				CLANG_WARN_INFINITE_RECURSION = YES;
				CLANG_WARN_INT_CONVERSION = YES;
				CLANG_WARN_NON_LITERAL_NULL_CONVERSION = YES;
				CLANG_WARN_OBJC_IMPLICIT_RETAIN_SELF = YES;
				CLANG_WARN_OBJC_LITERAL_CONVERSION = YES;
				CLANG_WARN_OBJC_ROOT_CLASS = YES_ERROR;
				CLANG_WARN_RANGE_LOOP_ANALYSIS = YES;
				CLANG_WARN_STRICT_PROTOTYPES = YES;
				CLANG_WARN_SUSPICIOUS_MOVE = YES;
				CLANG_WARN_UNGUARDED_AVAILABILITY = YES_AGGRESSIVE;
				CLANG_WARN_UNREACHABLE_CODE = YES;
				CLANG_WARN__DUPLICATE_METHOD_MATCH = YES;
				CODE_SIGN_IDENTITY = "Mac Developer";
				COPY_PHASE_STRIP = NO;
				DEBUG_INFORMATION_FORMAT = dwarf;
				ENABLE_STRICT_OBJC_MSGSEND = YES;
				ENABLE_TESTABILITY = YES;
				GCC_C_LANGUAGE_STANDARD = gnu11;
				GCC_DYNAMIC_NO_PIC = NO;
				GCC_NO_COMMON_BLOCKS = YES;
				GCC_OPTIMIZATION_LEVEL = 0;
				GCC_PREPROCESSOR_DEFINITIONS = (
					"DEBUG=1",
					"$(inherited)",
				);
				GCC_WARN_64_TO_32_BIT_CONVERSION = YES;
				GCC_WARN_ABOUT_RETURN_TYPE = YES_ERROR;
				GCC_WARN_UNDECLARED_SELECTOR = YES;
				GCC_WARN_UNINITIALIZED_AUTOS = YES_AGGRESSIVE;
				GCC_WARN_UNUSED_FUNCTION = YES;
				GCC_WARN_UNUSED_VARIABLE = YES;
				MACOSX_DEPLOYMENT_TARGET = 10.13;
				MTL_ENABLE_DEBUG_INFO = YES;
				ONLY_ACTIVE_ARCH = YES;
				SDKROOT = macosx;
				SWIFT_ACTIVE_COMPILATION_CONDITIONS = DEBUG;
				SWIFT_OPTIMIZATION_LEVEL = "-Onone";
			};
			name = Debug;
		};
		E34E830B2079CD5400BA09DF /* Release */ = {
			isa = XCBuildConfiguration;
			buildSettings = {
				ALWAYS_SEARCH_USER_PATHS = NO;
				CLANG_ANALYZER_NONNULL = YES;
				CLANG_ANALYZER_NUMBER_OBJECT_CONVERSION = YES_AGGRESSIVE;
				CLANG_CXX_LANGUAGE_STANDARD = "gnu++14";
				CLANG_CXX_LIBRARY = "libc++";
				CLANG_ENABLE_MODULES = YES;
				CLANG_ENABLE_OBJC_ARC = YES;
				CLANG_ENABLE_OBJC_WEAK = YES;
				CLANG_WARN_BLOCK_CAPTURE_AUTORELEASING = YES;
				CLANG_WARN_BOOL_CONVERSION = YES;
				CLANG_WARN_COMMA = YES;
				CLANG_WARN_CONSTANT_CONVERSION = YES;
				CLANG_WARN_DEPRECATED_OBJC_IMPLEMENTATIONS = YES;
				CLANG_WARN_DIRECT_OBJC_ISA_USAGE = YES_ERROR;
				CLANG_WARN_DOCUMENTATION_COMMENTS = YES;
				CLANG_WARN_EMPTY_BODY = YES;
				CLANG_WARN_ENUM_CONVERSION = YES;
				CLANG_WARN_INFINITE_RECURSION = YES;
				CLANG_WARN_INT_CONVERSION = YES;
				CLANG_WARN_NON_LITERAL_NULL_CONVERSION = YES;
				CLANG_WARN_OBJC_IMPLICIT_RETAIN_SELF = YES;
				CLANG_WARN_OBJC_LITERAL_CONVERSION = YES;
				CLANG_WARN_OBJC_ROOT_CLASS = YES_ERROR;
				CLANG_WARN_RANGE_LOOP_ANALYSIS = YES;
				CLANG_WARN_STRICT_PROTOTYPES = YES;
				CLANG_WARN_SUSPICIOUS_MOVE = YES;
				CLANG_WARN_UNGUARDED_AVAILABILITY = YES_AGGRESSIVE;
				CLANG_WARN_UNREACHABLE_CODE = YES;
				CLANG_WARN__DUPLICATE_METHOD_MATCH = YES;
				CODE_SIGN_IDENTITY = "Mac Developer";
				COPY_PHASE_STRIP = NO;
				DEBUG_INFORMATION_FORMAT = "dwarf-with-dsym";
				ENABLE_NS_ASSERTIONS = NO;
				ENABLE_STRICT_OBJC_MSGSEND = YES;
				GCC_C_LANGUAGE_STANDARD = gnu11;
				GCC_NO_COMMON_BLOCKS = YES;
				GCC_WARN_64_TO_32_BIT_CONVERSION = YES;
				GCC_WARN_ABOUT_RETURN_TYPE = YES_ERROR;
				GCC_WARN_UNDECLARED_SELECTOR = YES;
				GCC_WARN_UNINITIALIZED_AUTOS = YES_AGGRESSIVE;
				GCC_WARN_UNUSED_FUNCTION = YES;
				GCC_WARN_UNUSED_VARIABLE = YES;
				MACOSX_DEPLOYMENT_TARGET = 10.13;
				MTL_ENABLE_DEBUG_INFO = NO;
				SDKROOT = macosx;
				SWIFT_COMPILATION_MODE = wholemodule;
				SWIFT_OPTIMIZATION_LEVEL = "-O";
			};
			name = Release;
		};
		E34E830D2079CD5400BA09DF /* Debug */ = {
			isa = XCBuildConfiguration;
			buildSettings = {
				ASSETCATALOG_COMPILER_APPICON_NAME = AppIcon;
				CODE_SIGN_IDENTITY = "Mac Developer";
				CODE_SIGN_STYLE = Automatic;
				COMBINE_HIDPI_IMAGES = YES;
				DEVELOPMENT_TEAM = KQQ77ZBE5E;
				GCC_WARN_FOUR_CHARACTER_CONSTANTS = YES;
				GCC_WARN_UNUSED_PARAMETER = YES;
				INFOPLIST_FILE = MacCacheCleaner/Info.plist;
				LD_RUNPATH_SEARCH_PATHS = (
					"$(inherited)",
					"@executable_path/../Frameworks",
				);
				MACOSX_DEPLOYMENT_TARGET = 10.13;
				PRODUCT_BUNDLE_IDENTIFIER = com.kaunteya.MacCacheCleaner;
				PRODUCT_NAME = "$(TARGET_NAME)";
				PROVISIONING_PROFILE_SPECIFIER = "";
				SWIFT_VERSION = 4.0;
			};
			name = Debug;
		};
		E34E830E2079CD5400BA09DF /* Release */ = {
			isa = XCBuildConfiguration;
			buildSettings = {
				ASSETCATALOG_COMPILER_APPICON_NAME = AppIcon;
				CODE_SIGN_IDENTITY = "Mac Developer";
				CODE_SIGN_STYLE = Automatic;
				COMBINE_HIDPI_IMAGES = YES;
				DEVELOPMENT_TEAM = KQQ77ZBE5E;
				GCC_WARN_FOUR_CHARACTER_CONSTANTS = YES;
				GCC_WARN_UNUSED_PARAMETER = YES;
				INFOPLIST_FILE = MacCacheCleaner/Info.plist;
				LD_RUNPATH_SEARCH_PATHS = (
					"$(inherited)",
					"@executable_path/../Frameworks",
				);
				MACOSX_DEPLOYMENT_TARGET = 10.13;
				PRODUCT_BUNDLE_IDENTIFIER = com.kaunteya.MacCacheCleaner;
				PRODUCT_NAME = "$(TARGET_NAME)";
				PROVISIONING_PROFILE_SPECIFIER = "";
				SWIFT_VERSION = 4.0;
			};
			name = Release;
		};
/* End XCBuildConfiguration section */

/* Begin XCConfigurationList section */
		E3197F2120E8008900746439 /* Build configuration list for PBXNativeTarget "Mac Cache CleanerTests" */ = {
			isa = XCConfigurationList;
			buildConfigurations = (
				E3197F2220E8008900746439 /* Debug */,
				E3197F2320E8008900746439 /* Release */,
			);
			defaultConfigurationIsVisible = 0;
			defaultConfigurationName = Release;
		};
		E34E82F72079CD5200BA09DF /* Build configuration list for PBXProject "Mac Cache Cleaner" */ = {
			isa = XCConfigurationList;
			buildConfigurations = (
				E34E830A2079CD5400BA09DF /* Debug */,
				E34E830B2079CD5400BA09DF /* Release */,
			);
			defaultConfigurationIsVisible = 0;
			defaultConfigurationName = Release;
		};
		E34E830C2079CD5400BA09DF /* Build configuration list for PBXNativeTarget "Mac Cache Cleaner" */ = {
			isa = XCConfigurationList;
			buildConfigurations = (
				E34E830D2079CD5400BA09DF /* Debug */,
				E34E830E2079CD5400BA09DF /* Release */,
			);
			defaultConfigurationIsVisible = 0;
			defaultConfigurationName = Release;
		};
/* End XCConfigurationList section */
	};
	rootObject = E34E82F42079CD5200BA09DF /* Project object */;
}
